
Microsoft Visual Studio Solution File, Format Version 12.00
# Visual Studio Version 17
VisualStudioVersion = 17.9.34607.119
MinimumVisualStudioVersion = 10.0.40219.1
Project("{FAE04EC0-301F-11D3-BF4B-00C04F79EFBC}") = "GitChangelog", "GitChangelog\GitChangelog.csproj", "{61EC5CB2-B5B9-43C8-A731-2B11A841092A}"
EndProject
Global
	GlobalSection(SolutionConfigurationPlatforms) = preSolution
		Debug|Any CPU = Debug|Any CPU
		Release|Any CPU = Release|Any CPU
	EndGlobalSection
	GlobalSection(ProjectConfigurationPlatforms) = postSolution
		{61EC5CB2-B5B9-43C8-A731-2B11A841092A}.Debug|Any CPU.ActiveCfg = Debug|Any CPU
		{61EC5CB2-B5B9-43C8-A731-2B11A841092A}.Debug|Any CPU.Build.0 = Debug|Any CPU
		{61EC5CB2-B5B9-43C8-A731-2B11A841092A}.Release|Any CPU.ActiveCfg = Release|Any CPU
		{61EC5CB2-B5B9-43C8-A731-2B11A841092A}.Release|Any CPU.Build.0 = Release|Any CPU
	EndGlobalSection
	GlobalSection(SolutionProperties) = preSolution
		HideSolutionNode = FALSE
	EndGlobalSection
	GlobalSection(ExtensibilityGlobals) = postSolution
		SolutionGuid = {3D4F1A3B-4937-4762-A890-53FEF694928E}
	EndGlobalSection
EndGlobal
